
Microsoft Visual Studio Solution File, Format Version 12.00
# Visual Studio Version 17
VisualStudioVersion = 17.5.33502.453
MinimumVisualStudioVersion = 10.0.40219.1
Project("{9A19103F-16F7-4668-BE54-9A1E7A4F7556}") = "M3-BossFight", "M3-BossFight.csproj", "{63203713-5C37-4626-A1A9-271B3DD93B97}"
EndProject
Project("{9A19103F-16F7-4668-BE54-9A1E7A4F7556}") = "M3Uke2Students", "..\M3Uke2Students\M3Uke2Students.csproj", "{CCB7E937-F8B9-4598-9A24-C2B6B9811E8C}"
EndProject
Project("{9A19103F-16F7-4668-BE54-9A1E7A4F7556}") = "PlayersOppgave", "..\PlayersOppgave\PlayersOppgave.csproj", "{215F9D0F-FC15-4C48-813C-01C7216F5A95}"
EndProject
Project("{2150E333-8FDC-42A3-9474-1A3956D46DE8}") = "m3 oppgaver", "m3 oppgaver", "{7FA4C770-36D3-4280-913C-B5216E8C9787}"
EndProject
Project("{9A19103F-16F7-4668-BE54-9A1E7A4F7556}") = "TrePåRadM3-oppgave", "..\TrePåRadM3-oppgave\TrePåRadM3-oppgave.csproj", "{21C2742D-F5D2-48C5-8B2D-7C0E1BAA5BAD}"
EndProject
Project("{9A19103F-16F7-4668-BE54-9A1E7A4F7556}") = "NumberPuzzleM3", "..\NumberPuzzleM3\NumberPuzzleM3.csproj", "{2C034D2B-0945-487A-AA28-6B4FFAF9886C}"
EndProject
Project("{9A19103F-16F7-4668-BE54-9A1E7A4F7556}") = "KjæledyrM3", "..\KjæledyrM3\KjæledyrM3.csproj", "{2242C5F0-41AC-42D6-BBE1-CACA6855D0CC}"
EndProject
Project("{FAE04EC0-301F-11D3-BF4B-00C04F79EFBC}") = "BonusAssignmentsM3-VendingMachine", "..\BonusAssignmentsM3-VendingMachine\BonusAssignmentsM3-VendingMachine.csproj", "{24A2D468-57AA-404B-96CB-535128870092}"
EndProject
Global
	GlobalSection(SolutionConfigurationPlatforms) = preSolution
		Debug|Any CPU = Debug|Any CPU
		Release|Any CPU = Release|Any CPU
	EndGlobalSection
	GlobalSection(ProjectConfigurationPlatforms) = postSolution
		{63203713-5C37-4626-A1A9-271B3DD93B97}.Debug|Any CPU.ActiveCfg = Debug|Any CPU
		{63203713-5C37-4626-A1A9-271B3DD93B97}.Debug|Any CPU.Build.0 = Debug|Any CPU
		{63203713-5C37-4626-A1A9-271B3DD93B97}.Release|Any CPU.ActiveCfg = Release|Any CPU
		{63203713-5C37-4626-A1A9-271B3DD93B97}.Release|Any CPU.Build.0 = Release|Any CPU
		{CCB7E937-F8B9-4598-9A24-C2B6B9811E8C}.Debug|Any CPU.ActiveCfg = Debug|Any CPU
		{CCB7E937-F8B9-4598-9A24-C2B6B9811E8C}.Debug|Any CPU.Build.0 = Debug|Any CPU
		{CCB7E937-F8B9-4598-9A24-C2B6B9811E8C}.Release|Any CPU.ActiveCfg = Release|Any CPU
		{CCB7E937-F8B9-4598-9A24-C2B6B9811E8C}.Release|Any CPU.Build.0 = Release|Any CPU
		{215F9D0F-FC15-4C48-813C-01C7216F5A95}.Debug|Any CPU.ActiveCfg = Debug|Any CPU
		{215F9D0F-FC15-4C48-813C-01C7216F5A95}.Debug|Any CPU.Build.0 = Debug|Any CPU
		{215F9D0F-FC15-4C48-813C-01C7216F5A95}.Release|Any CPU.ActiveCfg = Release|Any CPU
		{215F9D0F-FC15-4C48-813C-01C7216F5A95}.Release|Any CPU.Build.0 = Release|Any CPU
		{21C2742D-F5D2-48C5-8B2D-7C0E1BAA5BAD}.Debug|Any CPU.ActiveCfg = Debug|Any CPU
		{21C2742D-F5D2-48C5-8B2D-7C0E1BAA5BAD}.Debug|Any CPU.Build.0 = Debug|Any CPU
		{21C2742D-F5D2-48C5-8B2D-7C0E1BAA5BAD}.Release|Any CPU.ActiveCfg = Release|Any CPU
		{21C2742D-F5D2-48C5-8B2D-7C0E1BAA5BAD}.Release|Any CPU.Build.0 = Release|Any CPU
		{2C034D2B-0945-487A-AA28-6B4FFAF9886C}.Debug|Any CPU.ActiveCfg = Debug|Any CPU
		{2C034D2B-0945-487A-AA28-6B4FFAF9886C}.Debug|Any CPU.Build.0 = Debug|Any CPU
		{2C034D2B-0945-487A-AA28-6B4FFAF9886C}.Release|Any CPU.ActiveCfg = Release|Any CPU
		{2C034D2B-0945-487A-AA28-6B4FFAF9886C}.Release|Any CPU.Build.0 = Release|Any CPU
		{2242C5F0-41AC-42D6-BBE1-CACA6855D0CC}.Debug|Any CPU.ActiveCfg = Debug|Any CPU
		{2242C5F0-41AC-42D6-BBE1-CACA6855D0CC}.Debug|Any CPU.Build.0 = Debug|Any CPU
		{2242C5F0-41AC-42D6-BBE1-CACA6855D0CC}.Release|Any CPU.ActiveCfg = Release|Any CPU
		{2242C5F0-41AC-42D6-BBE1-CACA6855D0CC}.Release|Any CPU.Build.0 = Release|Any CPU
		{24A2D468-57AA-404B-96CB-535128870092}.Debug|Any CPU.ActiveCfg = Debug|Any CPU
		{24A2D468-57AA-404B-96CB-535128870092}.Debug|Any CPU.Build.0 = Debug|Any CPU
		{24A2D468-57AA-404B-96CB-535128870092}.Release|Any CPU.ActiveCfg = Release|Any CPU
		{24A2D468-57AA-404B-96CB-535128870092}.Release|Any CPU.Build.0 = Release|Any CPU
	EndGlobalSection
	GlobalSection(SolutionProperties) = preSolution
		HideSolutionNode = FALSE
	EndGlobalSection
	GlobalSection(NestedProjects) = preSolution
		{63203713-5C37-4626-A1A9-271B3DD93B97} = {7FA4C770-36D3-4280-913C-B5216E8C9787}
		{CCB7E937-F8B9-4598-9A24-C2B6B9811E8C} = {7FA4C770-36D3-4280-913C-B5216E8C9787}
		{215F9D0F-FC15-4C48-813C-01C7216F5A95} = {7FA4C770-36D3-4280-913C-B5216E8C9787}
		{21C2742D-F5D2-48C5-8B2D-7C0E1BAA5BAD} = {7FA4C770-36D3-4280-913C-B5216E8C9787}
		{2C034D2B-0945-487A-AA28-6B4FFAF9886C} = {7FA4C770-36D3-4280-913C-B5216E8C9787}
		{2242C5F0-41AC-42D6-BBE1-CACA6855D0CC} = {7FA4C770-36D3-4280-913C-B5216E8C9787}
		{24A2D468-57AA-404B-96CB-535128870092} = {7FA4C770-36D3-4280-913C-B5216E8C9787}
	EndGlobalSection
	GlobalSection(ExtensibilityGlobals) = postSolution
		SolutionGuid = {298F26C7-D6EC-4036-A0E0-2B60554BA8A8}
	EndGlobalSection
EndGlobal
