# THIS IS AN AUTOGENERATED FILE. DO NOT EDIT THIS FILE DIRECTLY.
# yarn lockfile v1


dictionary-nb@^2.2.0:
  version "2.2.0"
  resolved "https://registry.yarnpkg.com/dictionary-nb/-/dictionary-nb-2.2.0.tgz#46238a3a334a8c439d5ed96b422e99fcc6a5f8f1"
  integrity sha512-0ej+zZCVTbIsyUS9mfriCuFfUDmaLqLpX3svJ0RjcYkRBIODYWHsM6gYDq4mhOLyXh39GJ3JucRFLkPuNtYCiw==
